
Microsoft Visual Studio Solution File, Format Version 12.00
# Visual Studio 15
VisualStudioVersion = 15.0.28307.329
MinimumVisualStudioVersion = 10.0.40219.1
Project("{FAE04EC0-301F-11D3-BF4B-00C04F79EFBC}") = "Conceitos_OO", "Conceitos_OO\Conceitos_OO.csproj", "{47431DE8-545A-4984-B014-1E56C8D17B5A}"
EndProject
Global
	GlobalSection(SolutionConfigurationPlatforms) = preSolution
		Debug|Any CPU = Debug|Any CPU
		Release|Any CPU = Release|Any CPU
	EndGlobalSection
	GlobalSection(ProjectConfigurationPlatforms) = postSolution
		{47431DE8-545A-4984-B014-1E56C8D17B5A}.Debug|Any CPU.ActiveCfg = Debug|Any CPU
		{47431DE8-545A-4984-B014-1E56C8D17B5A}.Debug|Any CPU.Build.0 = Debug|Any CPU
		{47431DE8-545A-4984-B014-1E56C8D17B5A}.Release|Any CPU.ActiveCfg = Release|Any CPU
		{47431DE8-545A-4984-B014-1E56C8D17B5A}.Release|Any CPU.Build.0 = Release|Any CPU
	EndGlobalSection
	GlobalSection(SolutionProperties) = preSolution
		HideSolutionNode = FALSE
	EndGlobalSection
	GlobalSection(ExtensibilityGlobals) = postSolution
		SolutionGuid = {A8ADE989-363E-4D2A-A4B4-7F748E1E59F1}
	EndGlobalSection
EndGlobal
